
Microsoft Visual Studio Solution File, Format Version 12.00
# Visual Studio 15
VisualStudioVersion = 15.0.27130.2026
MinimumVisualStudioVersion = 10.0.40219.1
Project("{FAE04EC0-301F-11D3-BF4B-00C04F79EFBC}") = "WeatherApp", "WeatherApp\WeatherApp.csproj", "{FB3D9285-3084-42D8-B82F-3E19235D56EF}"
EndProject
Global
	GlobalSection(SolutionConfigurationPlatforms) = preSolution
		Debug|Any CPU = Debug|Any CPU
		Release|Any CPU = Release|Any CPU
	EndGlobalSection
	GlobalSection(ProjectConfigurationPlatforms) = postSolution
		{FB3D9285-3084-42D8-B82F-3E19235D56EF}.Debug|Any CPU.ActiveCfg = Debug|Any CPU
		{FB3D9285-3084-42D8-B82F-3E19235D56EF}.Debug|Any CPU.Build.0 = Debug|Any CPU
		{FB3D9285-3084-42D8-B82F-3E19235D56EF}.Release|Any CPU.ActiveCfg = Release|Any CPU
		{FB3D9285-3084-42D8-B82F-3E19235D56EF}.Release|Any CPU.Build.0 = Release|Any CPU
	EndGlobalSection
	GlobalSection(SolutionProperties) = preSolution
		HideSolutionNode = FALSE
	EndGlobalSection
	GlobalSection(ExtensibilityGlobals) = postSolution
		SolutionGuid = {B35C3860-C89B-466D-BA7A-7AC13E450505}
	EndGlobalSection
EndGlobal
